{
  "name": "typesheet-db",
  "version": "1.0.0",
  "lockfileVersion": 1,
  "requires": true,
  "dependencies": {
    "@types/google-apps-script": {
      "version": "1.0.13",
      "resolved": "https://registry.npmjs.org/@types/google-apps-script/-/google-apps-script-1.0.13.tgz",
      "integrity": "sha512-xL5ZAkbXrYvwJmUIXiJWttb1umrVPqG3FC2G/Pxn2DMkCK/aBmz49oSUp9l5S6E1V89d70L40sV3G/rA9tnuiw=="
    }
  }
}
